# This file is automatically @generated by Cargo.
# It is not intended for manual editing.
version = 4

[[package]]
name = "arch-loongarch64"
version = "0.1.0"
dependencies = [
 "myos-boot",
 "myos-mm",
]

[[package]]
name = "arch-riscv64"
version = "0.1.0"
dependencies = [
 "myos-boot",
 "myos-mm",
]

[[package]]
name = "fdt"
version = "0.2.0-alpha2"

[[package]]
name = "myos-boot"
version = "0.1.0"

[[package]]
name = "myos-fdt"
version = "0.1.0"
dependencies = [
 "fdt",
]

[[package]]
name = "myos-kernel"
version = "0.1.0"
dependencies = [
 "arch-loongarch64",
 "arch-riscv64",
 "myos-boot",
 "myos-fdt",
 "myos-mm",
 "myos-runtime",
 "myos-sync",
]

[[package]]
name = "myos-mm"
version = "0.1.0"

[[package]]
name = "myos-runtime"
version = "0.1.0"

[[package]]
name = "myos-sync"
version = "0.1.0"
